{
  "name": "binance-fast-bot-dashboard",
  "version": "0.1.0",
  "lockfileVersion": 3,
  "requires": true,
  "packages": {
    "": {
      "name": "binance-fast-bot-dashboard",
      "version": "0.1.0",
      "dependencies": {
        "next": "15.5.2",
        "react": "19.1.1",
        "react-dom": "19.1.1"
      },
      "devDependencies": {
        "@types/node": "^22.0.0",
        "@types/react": "^19.0.0",
        "@types/react-dom": "^19.0.0",
        "typescript": "^5.9.0"
      }
    }
  }
}
